
Microsoft Visual Studio Solution File, Format Version 12.00
# Visual Studio 2013
VisualStudioVersion = 12.0.30723.0
MinimumVisualStudioVersion = 10.0.40219.1
Project("{FAE04EC0-301F-11D3-BF4B-00C04F79EFBC}") = "A05 Connect Four", "A05 Connect Four\A05 Connect Four.csproj", "{500375D1-FF55-4CE5-B387-8E25E2303D3B}"
EndProject
Global
	GlobalSection(SolutionConfigurationPlatforms) = preSolution
		Debug|Any CPU = Debug|Any CPU
		Release|Any CPU = Release|Any CPU
	EndGlobalSection
	GlobalSection(ProjectConfigurationPlatforms) = postSolution
		{500375D1-FF55-4CE5-B387-8E25E2303D3B}.Debug|Any CPU.ActiveCfg = Debug|Any CPU
		{500375D1-FF55-4CE5-B387-8E25E2303D3B}.Debug|Any CPU.Build.0 = Debug|Any CPU
		{500375D1-FF55-4CE5-B387-8E25E2303D3B}.Release|Any CPU.ActiveCfg = Release|Any CPU
		{500375D1-FF55-4CE5-B387-8E25E2303D3B}.Release|Any CPU.Build.0 = Release|Any CPU
	EndGlobalSection
	GlobalSection(SolutionProperties) = preSolution
		HideSolutionNode = FALSE
	EndGlobalSection
EndGlobal
